
Microsoft Visual Studio Solution File, Format Version 12.00
# Visual Studio Version 16
VisualStudioVersion = 16.0.29920.165
MinimumVisualStudioVersion = 10.0.40219.1
Project("{9A19103F-16F7-4668-BE54-9A1E7A4F7556}") = "RazorPageMovies", "RazorPageMovies.csproj", "{42EA8F28-5FB9-4629-9381-5CC0E99630CD}"
EndProject
Global
	GlobalSection(SolutionConfigurationPlatforms) = preSolution
		Debug|Any CPU = Debug|Any CPU
		Release|Any CPU = Release|Any CPU
	EndGlobalSection
	GlobalSection(ProjectConfigurationPlatforms) = postSolution
		{42EA8F28-5FB9-4629-9381-5CC0E99630CD}.Debug|Any CPU.ActiveCfg = Debug|Any CPU
		{42EA8F28-5FB9-4629-9381-5CC0E99630CD}.Debug|Any CPU.Build.0 = Debug|Any CPU
		{42EA8F28-5FB9-4629-9381-5CC0E99630CD}.Release|Any CPU.ActiveCfg = Release|Any CPU
		{42EA8F28-5FB9-4629-9381-5CC0E99630CD}.Release|Any CPU.Build.0 = Release|Any CPU
	EndGlobalSection
	GlobalSection(SolutionProperties) = preSolution
		HideSolutionNode = FALSE
	EndGlobalSection
	GlobalSection(ExtensibilityGlobals) = postSolution
		SolutionGuid = {16CB8B66-959C-414A-8846-94EE8B9D7A1E}
	EndGlobalSection
EndGlobal
